// !$*UTF8*$!
{
	archiveVersion = 1;
	classes = {
	};
	objectVersion = 50;
	objects = {

/* Begin PBXBuildFile section */
		63E9DD9C25768C6100EB52C4 /* AppDelegate.swift in Sources */ = {isa = PBXBuildFile; fileRef = 63E9DD9B25768C6100EB52C4 /* AppDelegate.swift */; };
		63E9DD9E25768C6100EB52C4 /* SceneDelegate.swift in Sources */ = {isa = PBXBuildFile; fileRef = 63E9DD9D25768C6100EB52C4 /* SceneDelegate.swift */; };
		63E9DDA025768C6100EB52C4 /* ViewController.swift in Sources */ = {isa = PBXBuildFile; fileRef = 63E9DD9F25768C6100EB52C4 /* ViewController.swift */; };
		63E9DDA325768C6100EB52C4 /* Main.storyboard in Resources */ = {isa = PBXBuildFile; fileRef = 63E9DDA125768C6100EB52C4 /* Main.storyboard */; };
		63E9DDA525768C6200EB52C4 /* Assets.xcassets in Resources */ = {isa = PBXBuildFile; fileRef = 63E9DDA425768C6200EB52C4 /* Assets.xcassets */; };
		63E9DDA825768C6200EB52C4 /* LaunchScreen.storyboard in Resources */ = {isa = PBXBuildFile; fileRef = 63E9DDA625768C6200EB52C4 /* LaunchScreen.storyboard */; };
		63E9DDB325768C6300EB52C4 /* homework1Tests.swift in Sources */ = {isa = PBXBuildFile; fileRef = 63E9DDB225768C6300EB52C4 /* homework1Tests.swift */; };
		63E9DDBE25768C6300EB52C4 /* homework1UITests.swift in Sources */ = {isa = PBXBuildFile; fileRef = 63E9DDBD25768C6300EB52C4 /* homework1UITests.swift */; };
		63E9DDCF25768C7A00EB52C4 /* LoginViewController.swift in Sources */ = {isa = PBXBuildFile; fileRef = 63E9DDCE25768C7A00EB52C4 /* LoginViewController.swift */; };
/* End PBXBuildFile section */

/* Begin PBXContainerItemProxy section */
		63E9DDAF25768C6300EB52C4 /* PBXContainerItemProxy */ = {
			isa = PBXContainerItemProxy;
			containerPortal = 63E9DD9025768C6100EB52C4 /* Project object */;
			proxyType = 1;
			remoteGlobalIDString = 63E9DD9725768C6100EB52C4;
			remoteInfo = homework1;
		};
		63E9DDBA25768C6300EB52C4 /* PBXContainerItemProxy */ = {
			isa = PBXContainerItemProxy;
			containerPortal = 63E9DD9025768C6100EB52C4 /* Project object */;
			proxyType = 1;
			remoteGlobalIDString = 63E9DD9725768C6100EB52C4;
			remoteInfo = homework1;
		};
/* End PBXContainerItemProxy section */

/* Begin PBXFileReference section */
		63E9DD9825768C6100EB52C4 /* homework1.app */ = {isa = PBXFileReference; explicitFileType = wrapper.application; includeInIndex = 0; path = homework1.app; sourceTree = BUILT_PRODUCTS_DIR; };
		63E9DD9B25768C6100EB52C4 /* AppDelegate.swift */ = {isa = PBXFileReference; lastKnownFileType = sourcecode.swift; path = AppDelegate.swift; sourceTree = "<group>"; };
		63E9DD9D25768C6100EB52C4 /* SceneDelegate.swift */ = {isa = PBXFileReference; lastKnownFileType = sourcecode.swift; path = SceneDelegate.swift; sourceTree = "<group>"; };
		63E9DD9F25768C6100EB52C4 /* ViewController.swift */ = {isa = PBXFileReference; lastKnownFileType = sourcecode.swift; path = ViewController.swift; sourceTree = "<group>"; };
		63E9DDA225768C6100EB52C4 /* Base */ = {isa = PBXFileReference; lastKnownFileType = file.storyboard; name = Base; path = Base.lproj/Main.storyboard; sourceTree = "<group>"; };
		63E9DDA425768C6200EB52C4 /* Assets.xcassets */ = {isa = PBXFileReference; lastKnownFileType = folder.assetcatalog; path = Assets.xcassets; sourceTree = "<group>"; };
		63E9DDA725768C6200EB52C4 /* Base */ = {isa = PBXFileReference; lastKnownFileType = file.storyboard; name = Base; path = Base.lproj/LaunchScreen.storyboard; sourceTree = "<group>"; };
		63E9DDA925768C6200EB52C4 /* Info.plist */ = {isa = PBXFileReference; lastKnownFileType = text.plist.xml; path = Info.plist; sourceTree = "<group>"; };
		63E9DDAE25768C6300EB52C4 /* homework1Tests.xctest */ = {isa = PBXFileReference; explicitFileType = wrapper.cfbundle; includeInIndex = 0; path = homework1Tests.xctest; sourceTree = BUILT_PRODUCTS_DIR; };
		63E9DDB225768C6300EB52C4 /* homework1Tests.swift */ = {isa = PBXFileReference; lastKnownFileType = sourcecode.swift; path = homework1Tests.swift; sourceTree = "<group>"; };
		63E9DDB425768C6300EB52C4 /* Info.plist */ = {isa = PBXFileReference; lastKnownFileType = text.plist.xml; path = Info.plist; sourceTree = "<group>"; };
		63E9DDB925768C6300EB52C4 /* homework1UITests.xctest */ = {isa = PBXFileReference; explicitFileType = wrapper.cfbundle; includeInIndex = 0; path = homework1UITests.xctest; sourceTree = BUILT_PRODUCTS_DIR; };
		63E9DDBD25768C6300EB52C4 /* homework1UITests.swift */ = {isa = PBXFileReference; lastKnownFileType = sourcecode.swift; path = homework1UITests.swift; sourceTree = "<group>"; };
		63E9DDBF25768C6300EB52C4 /* Info.plist */ = {isa = PBXFileReference; lastKnownFileType = text.plist.xml; path = Info.plist; sourceTree = "<group>"; };
		63E9DDCE25768C7A00EB52C4 /* LoginViewController.swift */ = {isa = PBXFileReference; lastKnownFileType = sourcecode.swift; path = LoginViewController.swift; sourceTree = "<group>"; };
/* End PBXFileReference section */

/* Begin PBXFrameworksBuildPhase section */
		63E9DD9525768C6100EB52C4 /* Frameworks */ = {
			isa = PBXFrameworksBuildPhase;
			buildActionMask = 2147483647;
			files = (
			);
			runOnlyForDeploymentPostprocessing = 0;
		};
		63E9DDAB25768C6300EB52C4 /* Frameworks */ = {
			isa = PBXFrameworksBuildPhase;
			buildActionMask = 2147483647;
			files = (
			);
			runOnlyForDeploymentPostprocessing = 0;
		};
		63E9DDB625768C6300EB52C4 /* Frameworks */ = {
			isa = PBXFrameworksBuildPhase;
			buildActionMask = 2147483647;
			files = (
			);
			runOnlyForDeploymentPostprocessing = 0;
		};
/* End PBXFrameworksBuildPhase section */

/* Begin PBXGroup section */
		63E9DD8F25768C6100EB52C4 = {
			isa = PBXGroup;
			children = (
				63E9DD9A25768C6100EB52C4 /* homework1 */,
				63E9DDB125768C6300EB52C4 /* homework1Tests */,
				63E9DDBC25768C6300EB52C4 /* homework1UITests */,
				63E9DD9925768C6100EB52C4 /* Products */,
			);
			sourceTree = "<group>";
		};
		63E9DD9925768C6100EB52C4 /* Products */ = {
			isa = PBXGroup;
			children = (
				63E9DD9825768C6100EB52C4 /* homework1.app */,
				63E9DDAE25768C6300EB52C4 /* homework1Tests.xctest */,
				63E9DDB925768C6300EB52C4 /* homework1UITests.xctest */,
			);
			name = Products;
			sourceTree = "<group>";
		};
		63E9DD9A25768C6100EB52C4 /* homework1 */ = {
			isa = PBXGroup;
			children = (
				63E9DD9B25768C6100EB52C4 /* AppDelegate.swift */,
				63E9DD9D25768C6100EB52C4 /* SceneDelegate.swift */,
				63E9DD9F25768C6100EB52C4 /* ViewController.swift */,
				63E9DDA125768C6100EB52C4 /* Main.storyboard */,
				63E9DDCE25768C7A00EB52C4 /* LoginViewController.swift */,
				63E9DDA425768C6200EB52C4 /* Assets.xcassets */,
				63E9DDA625768C6200EB52C4 /* LaunchScreen.storyboard */,
				63E9DDA925768C6200EB52C4 /* Info.plist */,
			);
			path = homework1;
			sourceTree = "<group>";
		};
		63E9DDB125768C6300EB52C4 /* homework1Tests */ = {
			isa = PBXGroup;
			children = (
				63E9DDB225768C6300EB52C4 /* homework1Tests.swift */,
				63E9DDB425768C6300EB52C4 /* Info.plist */,
			);
			path = homework1Tests;
			sourceTree = "<group>";
		};
		63E9DDBC25768C6300EB52C4 /* homework1UITests */ = {
			isa = PBXGroup;
			children = (
				63E9DDBD25768C6300EB52C4 /* homework1UITests.swift */,
				63E9DDBF25768C6300EB52C4 /* Info.plist */,
			);
			path = homework1UITests;
			sourceTree = "<group>";
		};
/* End PBXGroup section */

/* Begin PBXNativeTarget section */
		63E9DD9725768C6100EB52C4 /* homework1 */ = {
			isa = PBXNativeTarget;
			buildConfigurationList = 63E9DDC225768C6300EB52C4 /* Build configuration list for PBXNativeTarget "homework1" */;
			buildPhases = (
				63E9DD9425768C6100EB52C4 /* Sources */,
				63E9DD9525768C6100EB52C4 /* Frameworks */,
				63E9DD9625768C6100EB52C4 /* Resources */,
			);
			buildRules = (
			);
			dependencies = (
			);
			name = homework1;
			productName = homework1;
			productReference = 63E9DD9825768C6100EB52C4 /* homework1.app */;
			productType = "com.apple.product-type.application";
		};
		63E9DDAD25768C6300EB52C4 /* homework1Tests */ = {
			isa = PBXNativeTarget;
			buildConfigurationList = 63E9DDC525768C6300EB52C4 /* Build configuration list for PBXNativeTarget "homework1Tests" */;
			buildPhases = (
				63E9DDAA25768C6300EB52C4 /* Sources */,
				63E9DDAB25768C6300EB52C4 /* Frameworks */,
				63E9DDAC25768C6300EB52C4 /* Resources */,
			);
			buildRules = (
			);
			dependencies = (
				63E9DDB025768C6300EB52C4 /* PBXTargetDependency */,
			);
			name = homework1Tests;
			productName = homework1Tests;
			productReference = 63E9DDAE25768C6300EB52C4 /* homework1Tests.xctest */;
			productType = "com.apple.product-type.bundle.unit-test";
		};
		63E9DDB825768C6300EB52C4 /* homework1UITests */ = {
			isa = PBXNativeTarget;
			buildConfigurationList = 63E9DDC825768C6300EB52C4 /* Build configuration list for PBXNativeTarget "homework1UITests" */;
			buildPhases = (
				63E9DDB525768C6300EB52C4 /* Sources */,
				63E9DDB625768C6300EB52C4 /* Frameworks */,
				63E9DDB725768C6300EB52C4 /* Resources */,
			);
			buildRules = (
			);
			dependencies = (
				63E9DDBB25768C6300EB52C4 /* PBXTargetDependency */,
			);
			name = homework1UITests;
			productName = homework1UITests;
			productReference = 63E9DDB925768C6300EB52C4 /* homework1UITests.xctest */;
			productType = "com.apple.product-type.bundle.ui-testing";
		};
/* End PBXNativeTarget section */

/* Begin PBXProject section */
		63E9DD9025768C6100EB52C4 /* Project object */ = {
			isa = PBXProject;
			attributes = {
				LastSwiftUpdateCheck = 1220;
				LastUpgradeCheck = 1220;
				TargetAttributes = {
					63E9DD9725768C6100EB52C4 = {
						CreatedOnToolsVersion = 12.2;
					};
					63E9DDAD25768C6300EB52C4 = {
						CreatedOnToolsVersion = 12.2;
						TestTargetID = 63E9DD9725768C6100EB52C4;
					};
					63E9DDB825768C6300EB52C4 = {
						CreatedOnToolsVersion = 12.2;
						TestTargetID = 63E9DD9725768C6100EB52C4;
					};
				};
			};
			buildConfigurationList = 63E9DD9325768C6100EB52C4 /* Build configuration list for PBXProject "homework1" */;
			compatibilityVersion = "Xcode 9.3";
			developmentRegion = en;
			hasScannedForEncodings = 0;
			knownRegions = (
				en,
				Base,
			);
			mainGroup = 63E9DD8F25768C6100EB52C4;
			productRefGroup = 63E9DD9925768C6100EB52C4 /* Products */;
			projectDirPath = "";
			projectRoot = "";
			targets = (
				63E9DD9725768C6100EB52C4 /* homework1 */,
				63E9DDAD25768C6300EB52C4 /* homework1Tests */,
				63E9DDB825768C6300EB52C4 /* homework1UITests */,
			);
		};
/* End PBXProject section */

/* Begin PBXResourcesBuildPhase section */
		63E9DD9625768C6100EB52C4 /* Resources */ = {
			isa = PBXResourcesBuildPhase;
			buildActionMask = 2147483647;
			files = (
				63E9DDA825768C6200EB52C4 /* LaunchScreen.storyboard in Resources */,
				63E9DDA525768C6200EB52C4 /* Assets.xcassets in Resources */,
				63E9DDA325768C6100EB52C4 /* Main.storyboard in Resources */,
			);
			runOnlyForDeploymentPostprocessing = 0;
		};
		63E9DDAC25768C6300EB52C4 /* Resources */ = {
			isa = PBXResourcesBuildPhase;
			buildActionMask = 2147483647;
			files = (
			);
			runOnlyForDeploymentPostprocessing = 0;
		};
		63E9DDB725768C6300EB52C4 /* Resources */ = {
			isa = PBXResourcesBuildPhase;
			buildActionMask = 2147483647;
			files = (
			);
			runOnlyForDeploymentPostprocessing = 0;
		};
/* End PBXResourcesBuildPhase section */

/* Begin PBXSourcesBuildPhase section */
		63E9DD9425768C6100EB52C4 /* Sources */ = {
			isa = PBXSourcesBuildPhase;
			buildActionMask = 2147483647;
			files = (
				63E9DDCF25768C7A00EB52C4 /* LoginViewController.swift in Sources */,
				63E9DDA025768C6100EB52C4 /* ViewController.swift in Sources */,
				63E9DD9C25768C6100EB52C4 /* AppDelegate.swift in Sources */,
				63E9DD9E25768C6100EB52C4 /* SceneDelegate.swift in Sources */,
			);
			runOnlyForDeploymentPostprocessing = 0;
		};
		63E9DDAA25768C6300EB52C4 /* Sources */ = {
			isa = PBXSourcesBuildPhase;
			buildActionMask = 2147483647;
			files = (
				63E9DDB325768C6300EB52C4 /* homework1Tests.swift in Sources */,
			);
			runOnlyForDeploymentPostprocessing = 0;
		};
		63E9DDB525768C6300EB52C4 /* Sources */ = {
			isa = PBXSourcesBuildPhase;
			buildActionMask = 2147483647;
			files = (
				63E9DDBE25768C6300EB52C4 /* homework1UITests.swift in Sources */,
			);
			runOnlyForDeploymentPostprocessing = 0;
		};
/* End PBXSourcesBuildPhase section */

/* Begin PBXTargetDependency section */
		63E9DDB025768C6300EB52C4 /* PBXTargetDependency */ = {
			isa = PBXTargetDependency;
			target = 63E9DD9725768C6100EB52C4 /* homework1 */;
			targetProxy = 63E9DDAF25768C6300EB52C4 /* PBXContainerItemProxy */;
		};
		63E9DDBB25768C6300EB52C4 /* PBXTargetDependency */ = {
			isa = PBXTargetDependency;
			target = 63E9DD9725768C6100EB52C4 /* homework1 */;
			targetProxy = 63E9DDBA25768C6300EB52C4 /* PBXContainerItemProxy */;
		};
/* End PBXTargetDependency section */

/* Begin PBXVariantGroup section */
		63E9DDA125768C6100EB52C4 /* Main.storyboard */ = {
			isa = PBXVariantGroup;
			children = (
				63E9DDA225768C6100EB52C4 /* Base */,
			);
			name = Main.storyboard;
			sourceTree = "<group>";
		};
		63E9DDA625768C6200EB52C4 /* LaunchScreen.storyboard */ = {
			isa = PBXVariantGroup;
			children = (
				63E9DDA725768C6200EB52C4 /* Base */,
			);
			name = LaunchScreen.storyboard;
			sourceTree = "<group>";
		};
/* End PBXVariantGroup section */

/* Begin XCBuildConfiguration section */
		63E9DDC025768C6300EB52C4 /* Debug */ = {
			isa = XCBuildConfiguration;
			buildSettings = {
				ALWAYS_SEARCH_USER_PATHS = NO;
				CLANG_ANALYZER_NONNULL = YES;
				CLANG_ANALYZER_NUMBER_OBJECT_CONVERSION = YES_AGGRESSIVE;
				CLANG_CXX_LANGUAGE_STANDARD = "gnu++14";
				CLANG_CXX_LIBRARY = "libc++";
				CLANG_ENABLE_MODULES = YES;
				CLANG_ENABLE_OBJC_ARC = YES;
				CLANG_ENABLE_OBJC_WEAK = YES;
				CLANG_WARN_BLOCK_CAPTURE_AUTORELEASING = YES;
				CLANG_WARN_BOOL_CONVERSION = YES;
				CLANG_WARN_COMMA = YES;
				CLANG_WARN_CONSTANT_CONVERSION = YES;
				CLANG_WARN_DEPRECATED_OBJC_IMPLEMENTATIONS = YES;
				CLANG_WARN_DIRECT_OBJC_ISA_USAGE = YES_ERROR;
				CLANG_WARN_DOCUMENTATION_COMMENTS = YES;
				CLANG_WARN_EMPTY_BODY = YES;
				CLANG_WARN_ENUM_CONVERSION = YES;
				CLANG_WARN_INFINITE_RECURSION = YES;
				CLANG_WARN_INT_CONVERSION = YES;
				CLANG_WARN_NON_LITERAL_NULL_CONVERSION = YES;
				CLANG_WARN_OBJC_IMPLICIT_RETAIN_SELF = YES;
				CLANG_WARN_OBJC_LITERAL_CONVERSION = YES;
				CLANG_WARN_OBJC_ROOT_CLASS = YES_ERROR;
				CLANG_WARN_QUOTED_INCLUDE_IN_FRAMEWORK_HEADER = YES;
				CLANG_WARN_RANGE_LOOP_ANALYSIS = YES;
				CLANG_WARN_STRICT_PROTOTYPES = YES;
				CLANG_WARN_SUSPICIOUS_MOVE = YES;
				CLANG_WARN_UNGUARDED_AVAILABILITY = YES_AGGRESSIVE;
				CLANG_WARN_UNREACHABLE_CODE = YES;
				CLANG_WARN__DUPLICATE_METHOD_MATCH = YES;
				COPY_PHASE_STRIP = NO;
				DEBUG_INFORMATION_FORMAT = dwarf;
				ENABLE_STRICT_OBJC_MSGSEND = YES;
				ENABLE_TESTABILITY = YES;
				GCC_C_LANGUAGE_STANDARD = gnu11;
				GCC_DYNAMIC_NO_PIC = NO;
				GCC_NO_COMMON_BLOCKS = YES;
				GCC_OPTIMIZATION_LEVEL = 0;
				GCC_PREPROCESSOR_DEFINITIONS = (
					"DEBUG=1",
					"$(inherited)",
				);
				GCC_WARN_64_TO_32_BIT_CONVERSION = YES;
				GCC_WARN_ABOUT_RETURN_TYPE = YES_ERROR;
				GCC_WARN_UNDECLARED_SELECTOR = YES;
				GCC_WARN_UNINITIALIZED_AUTOS = YES_AGGRESSIVE;
				GCC_WARN_UNUSED_FUNCTION = YES;
				GCC_WARN_UNUSED_VARIABLE = YES;
				IPHONEOS_DEPLOYMENT_TARGET = 14.2;
				MTL_ENABLE_DEBUG_INFO = INCLUDE_SOURCE;
				MTL_FAST_MATH = YES;
				ONLY_ACTIVE_ARCH = YES;
				SDKROOT = iphoneos;
				SWIFT_ACTIVE_COMPILATION_CONDITIONS = DEBUG;
				SWIFT_OPTIMIZATION_LEVEL = "-Onone";
			};
			name = Debug;
		};
		63E9DDC125768C6300EB52C4 /* Release */ = {
			isa = XCBuildConfiguration;
			buildSettings = {
				ALWAYS_SEARCH_USER_PATHS = NO;
				CLANG_ANALYZER_NONNULL = YES;
				CLANG_ANALYZER_NUMBER_OBJECT_CONVERSION = YES_AGGRESSIVE;
				CLANG_CXX_LANGUAGE_STANDARD = "gnu++14";
				CLANG_CXX_LIBRARY = "libc++";
				CLANG_ENABLE_MODULES = YES;
				CLANG_ENABLE_OBJC_ARC = YES;
				CLANG_ENABLE_OBJC_WEAK = YES;
				CLANG_WARN_BLOCK_CAPTURE_AUTORELEASING = YES;
				CLANG_WARN_BOOL_CONVERSION = YES;
				CLANG_WARN_COMMA = YES;
				CLANG_WARN_CONSTANT_CONVERSION = YES;
				CLANG_WARN_DEPRECATED_OBJC_IMPLEMENTATIONS = YES;
				CLANG_WARN_DIRECT_OBJC_ISA_USAGE = YES_ERROR;
				CLANG_WARN_DOCUMENTATION_COMMENTS = YES;
				CLANG_WARN_EMPTY_BODY = YES;
				CLANG_WARN_ENUM_CONVERSION = YES;
				CLANG_WARN_INFINITE_RECURSION = YES;
				CLANG_WARN_INT_CONVERSION = YES;
				CLANG_WARN_NON_LITERAL_NULL_CONVERSION = YES;
				CLANG_WARN_OBJC_IMPLICIT_RETAIN_SELF = YES;
				CLANG_WARN_OBJC_LITERAL_CONVERSION = YES;
				CLANG_WARN_OBJC_ROOT_CLASS = YES_ERROR;
				CLANG_WARN_QUOTED_INCLUDE_IN_FRAMEWORK_HEADER = YES;
				CLANG_WARN_RANGE_LOOP_ANALYSIS = YES;
				CLANG_WARN_STRICT_PROTOTYPES = YES;
				CLANG_WARN_SUSPICIOUS_MOVE = YES;
				CLANG_WARN_UNGUARDED_AVAILABILITY = YES_AGGRESSIVE;
				CLANG_WARN_UNREACHABLE_CODE = YES;
				CLANG_WARN__DUPLICATE_METHOD_MATCH = YES;
				COPY_PHASE_STRIP = NO;
				DEBUG_INFORMATION_FORMAT = "dwarf-with-dsym";
				ENABLE_NS_ASSERTIONS = NO;
				ENABLE_STRICT_OBJC_MSGSEND = YES;
				GCC_C_LANGUAGE_STANDARD = gnu11;
				GCC_NO_COMMON_BLOCKS = YES;
				GCC_WARN_64_TO_32_BIT_CONVERSION = YES;
				GCC_WARN_ABOUT_RETURN_TYPE = YES_ERROR;
				GCC_WARN_UNDECLARED_SELECTOR = YES;
				GCC_WARN_UNINITIALIZED_AUTOS = YES_AGGRESSIVE;
				GCC_WARN_UNUSED_FUNCTION = YES;
				GCC_WARN_UNUSED_VARIABLE = YES;
				IPHONEOS_DEPLOYMENT_TARGET = 14.2;
				MTL_ENABLE_DEBUG_INFO = NO;
				MTL_FAST_MATH = YES;
				SDKROOT = iphoneos;
				SWIFT_COMPILATION_MODE = wholemodule;
				SWIFT_OPTIMIZATION_LEVEL = "-O";
				VALIDATE_PRODUCT = YES;
			};
			name = Release;
		};
		63E9DDC325768C6300EB52C4 /* Debug */ = {
			isa = XCBuildConfiguration;
			buildSettings = {
				ASSETCATALOG_COMPILER_APPICON_NAME = AppIcon;
				ASSETCATALOG_COMPILER_GLOBAL_ACCENT_COLOR_NAME = AccentColor;
				CODE_SIGN_STYLE = Automatic;
				INFOPLIST_FILE = homework1/Info.plist;
				LD_RUNPATH_SEARCH_PATHS = (
					"$(inherited)",
					"@executable_path/Frameworks",
				);
				PRODUCT_BUNDLE_IDENTIFIER = com.homework1;
				PRODUCT_NAME = "$(TARGET_NAME)";
				SWIFT_VERSION = 5.0;
				TARGETED_DEVICE_FAMILY = "1,2";
			};
			name = Debug;
		};
		63E9DDC425768C6300EB52C4 /* Release */ = {
			isa = XCBuildConfiguration;
			buildSettings = {
				ASSETCATALOG_COMPILER_APPICON_NAME = AppIcon;
				ASSETCATALOG_COMPILER_GLOBAL_ACCENT_COLOR_NAME = AccentColor;
				CODE_SIGN_STYLE = Automatic;
				INFOPLIST_FILE = homework1/Info.plist;
				LD_RUNPATH_SEARCH_PATHS = (
					"$(inherited)",
					"@executable_path/Frameworks",
				);
				PRODUCT_BUNDLE_IDENTIFIER = com.homework1;
				PRODUCT_NAME = "$(TARGET_NAME)";
				SWIFT_VERSION = 5.0;
				TARGETED_DEVICE_FAMILY = "1,2";
			};
			name = Release;
		};
		63E9DDC625768C6300EB52C4 /* Debug */ = {
			isa = XCBuildConfiguration;
			buildSettings = {
				ALWAYS_EMBED_SWIFT_STANDARD_LIBRARIES = YES;
				BUNDLE_LOADER = "$(TEST_HOST)";
				CODE_SIGN_STYLE = Automatic;
				INFOPLIST_FILE = homework1Tests/Info.plist;
				IPHONEOS_DEPLOYMENT_TARGET = 14.2;
				LD_RUNPATH_SEARCH_PATHS = (
					"$(inherited)",
					"@executable_path/Frameworks",
					"@loader_path/Frameworks",
				);
				PRODUCT_BUNDLE_IDENTIFIER = com.homework1Tests;
				PRODUCT_NAME = "$(TARGET_NAME)";
				SWIFT_VERSION = 5.0;
				TARGETED_DEVICE_FAMILY = "1,2";
				TEST_HOST = "$(BUILT_PRODUCTS_DIR)/homework1.app/homework1";
			};
			name = Debug;
		};
		63E9DDC725768C6300EB52C4 /* Release */ = {
			isa = XCBuildConfiguration;
			buildSettings = {
				ALWAYS_EMBED_SWIFT_STANDARD_LIBRARIES = YES;
				BUNDLE_LOADER = "$(TEST_HOST)";
				CODE_SIGN_STYLE = Automatic;
				INFOPLIST_FILE = homework1Tests/Info.plist;
				IPHONEOS_DEPLOYMENT_TARGET = 14.2;
				LD_RUNPATH_SEARCH_PATHS = (
					"$(inherited)",
					"@executable_path/Frameworks",
					"@loader_path/Frameworks",
				);
				PRODUCT_BUNDLE_IDENTIFIER = com.homework1Tests;
				PRODUCT_NAME = "$(TARGET_NAME)";
				SWIFT_VERSION = 5.0;
				TARGETED_DEVICE_FAMILY = "1,2";
				TEST_HOST = "$(BUILT_PRODUCTS_DIR)/homework1.app/homework1";
			};
			name = Release;
		};
		63E9DDC925768C6300EB52C4 /* Debug */ = {
			isa = XCBuildConfiguration;
			buildSettings = {
				ALWAYS_EMBED_SWIFT_STANDARD_LIBRARIES = YES;
				CODE_SIGN_STYLE = Automatic;
				INFOPLIST_FILE = homework1UITests/Info.plist;
				LD_RUNPATH_SEARCH_PATHS = (
					"$(inherited)",
					"@executable_path/Frameworks",
					"@loader_path/Frameworks",
				);
				PRODUCT_BUNDLE_IDENTIFIER = com.homework1UITests;
				PRODUCT_NAME = "$(TARGET_NAME)";
				SWIFT_VERSION = 5.0;
				TARGETED_DEVICE_FAMILY = "1,2";
				TEST_TARGET_NAME = homework1;
			};
			name = Debug;
		};
		63E9DDCA25768C6300EB52C4 /* Release */ = {
			isa = XCBuildConfiguration;
			buildSettings = {
				ALWAYS_EMBED_SWIFT_STANDARD_LIBRARIES = YES;
				CODE_SIGN_STYLE = Automatic;
				INFOPLIST_FILE = homework1UITests/Info.plist;
				LD_RUNPATH_SEARCH_PATHS = (
					"$(inherited)",
					"@executable_path/Frameworks",
					"@loader_path/Frameworks",
				);
				PRODUCT_BUNDLE_IDENTIFIER = com.homework1UITests;
				PRODUCT_NAME = "$(TARGET_NAME)";
				SWIFT_VERSION = 5.0;
				TARGETED_DEVICE_FAMILY = "1,2";
				TEST_TARGET_NAME = homework1;
			};
			name = Release;
		};
/* End XCBuildConfiguration section */

/* Begin XCConfigurationList section */
		63E9DD9325768C6100EB52C4 /* Build configuration list for PBXProject "homework1" */ = {
			isa = XCConfigurationList;
			buildConfigurations = (
				63E9DDC025768C6300EB52C4 /* Debug */,
				63E9DDC125768C6300EB52C4 /* Release */,
			);
			defaultConfigurationIsVisible = 0;
			defaultConfigurationName = Release;
		};
		63E9DDC225768C6300EB52C4 /* Build configuration list for PBXNativeTarget "homework1" */ = {
			isa = XCConfigurationList;
			buildConfigurations = (
				63E9DDC325768C6300EB52C4 /* Debug */,
				63E9DDC425768C6300EB52C4 /* Release */,
			);
			defaultConfigurationIsVisible = 0;
			defaultConfigurationName = Release;
		};
		63E9DDC525768C6300EB52C4 /* Build configuration list for PBXNativeTarget "homework1Tests" */ = {
			isa = XCConfigurationList;
			buildConfigurations = (
				63E9DDC625768C6300EB52C4 /* Debug */,
				63E9DDC725768C6300EB52C4 /* Release */,
			);
			defaultConfigurationIsVisible = 0;
			defaultConfigurationName = Release;
		};
		63E9DDC825768C6300EB52C4 /* Build configuration list for PBXNativeTarget "homework1UITests" */ = {
			isa = XCConfigurationList;
			buildConfigurations = (
				63E9DDC925768C6300EB52C4 /* Debug */,
				63E9DDCA25768C6300EB52C4 /* Release */,
			);
			defaultConfigurationIsVisible = 0;
			defaultConfigurationName = Release;
		};
/* End XCConfigurationList section */
	};
	rootObject = 63E9DD9025768C6100EB52C4 /* Project object */;
}
